// !$*UTF8*$!
{
	archiveVersion = 1;
	classes = {
	};
	objectVersion = 46;
	objects = {

/* Begin PBXBuildFile section */
		030BB2C41A95046E00F9EA0E /* AppDelegate.swift in Sources */ = {isa = PBXBuildFile; fileRef = 030BB2C31A95046E00F9EA0E /* AppDelegate.swift */; };
		030BB2C61A95046E00F9EA0E /* ViewController.swift in Sources */ = {isa = PBXBuildFile; fileRef = 030BB2C51A95046E00F9EA0E /* ViewController.swift */; };
		030BB2C91A95046E00F9EA0E /* Main.storyboard in Resources */ = {isa = PBXBuildFile; fileRef = 030BB2C71A95046E00F9EA0E /* Main.storyboard */; };
		030BB2CB1A95046E00F9EA0E /* Images.xcassets in Resources */ = {isa = PBXBuildFile; fileRef = 030BB2CA1A95046E00F9EA0E /* Images.xcassets */; };
		030BB2CE1A95046E00F9EA0E /* LaunchScreen.xib in Resources */ = {isa = PBXBuildFile; fileRef = 030BB2CC1A95046E00F9EA0E /* LaunchScreen.xib */; };
		030BB2DA1A95046E00F9EA0E /* BullsEyeTests.swift in Sources */ = {isa = PBXBuildFile; fileRef = 030BB2D91A95046E00F9EA0E /* BullsEyeTests.swift */; };
		030BB2E41A96ACA100F9EA0E /* AboutViewController.swift in Sources */ = {isa = PBXBuildFile; fileRef = 030BB2E31A96ACA100F9EA0E /* AboutViewController.swift */; };
/* End PBXBuildFile section */

/* Begin PBXContainerItemProxy section */
		030BB2D41A95046E00F9EA0E /* PBXContainerItemProxy */ = {
			isa = PBXContainerItemProxy;
			containerPortal = 030BB2B61A95046E00F9EA0E /* Project object */;
			proxyType = 1;
			remoteGlobalIDString = 030BB2BD1A95046E00F9EA0E;
			remoteInfo = BullsEye;
		};
/* End PBXContainerItemProxy section */

/* Begin PBXFileReference section */
		030BB2BE1A95046E00F9EA0E /* BullsEye.app */ = {isa = PBXFileReference; explicitFileType = wrapper.application; includeInIndex = 0; path = BullsEye.app; sourceTree = BUILT_PRODUCTS_DIR; };
		030BB2C21A95046E00F9EA0E /* Info.plist */ = {isa = PBXFileReference; lastKnownFileType = text.plist.xml; path = Info.plist; sourceTree = "<group>"; };
		030BB2C31A95046E00F9EA0E /* AppDelegate.swift */ = {isa = PBXFileReference; lastKnownFileType = sourcecode.swift; path = AppDelegate.swift; sourceTree = "<group>"; };
		030BB2C51A95046E00F9EA0E /* ViewController.swift */ = {isa = PBXFileReference; lastKnownFileType = sourcecode.swift; path = ViewController.swift; sourceTree = "<group>"; };
		030BB2C81A95046E00F9EA0E /* Base */ = {isa = PBXFileReference; lastKnownFileType = file.storyboard; name = Base; path = Base.lproj/Main.storyboard; sourceTree = "<group>"; };
		030BB2CA1A95046E00F9EA0E /* Images.xcassets */ = {isa = PBXFileReference; lastKnownFileType = folder.assetcatalog; path = Images.xcassets; sourceTree = "<group>"; };
		030BB2CD1A95046E00F9EA0E /* Base */ = {isa = PBXFileReference; lastKnownFileType = file.xib; name = Base; path = Base.lproj/LaunchScreen.xib; sourceTree = "<group>"; };
		030BB2D31A95046E00F9EA0E /* BullsEyeTests.xctest */ = {isa = PBXFileReference; explicitFileType = wrapper.cfbundle; includeInIndex = 0; path = BullsEyeTests.xctest; sourceTree = BUILT_PRODUCTS_DIR; };
		030BB2D81A95046E00F9EA0E /* Info.plist */ = {isa = PBXFileReference; lastKnownFileType = text.plist.xml; path = Info.plist; sourceTree = "<group>"; };
		030BB2D91A95046E00F9EA0E /* BullsEyeTests.swift */ = {isa = PBXFileReference; lastKnownFileType = sourcecode.swift; path = BullsEyeTests.swift; sourceTree = "<group>"; };
		030BB2E31A96ACA100F9EA0E /* AboutViewController.swift */ = {isa = PBXFileReference; fileEncoding = 4; lastKnownFileType = sourcecode.swift; path = AboutViewController.swift; sourceTree = "<group>"; };
/* End PBXFileReference section */

/* Begin PBXFrameworksBuildPhase section */
		030BB2BB1A95046E00F9EA0E /* Frameworks */ = {
			isa = PBXFrameworksBuildPhase;
			buildActionMask = 2147483647;
			files = (
			);
			runOnlyForDeploymentPostprocessing = 0;
		};
		030BB2D01A95046E00F9EA0E /* Frameworks */ = {
			isa = PBXFrameworksBuildPhase;
			buildActionMask = 2147483647;
			files = (
			);
			runOnlyForDeploymentPostprocessing = 0;
		};
/* End PBXFrameworksBuildPhase section */

/* Begin PBXGroup section */
		030BB2B51A95046E00F9EA0E = {
			isa = PBXGroup;
			children = (
				030BB2C01A95046E00F9EA0E /* BullsEye */,
				030BB2D61A95046E00F9EA0E /* BullsEyeTests */,
				030BB2BF1A95046E00F9EA0E /* Products */,
			);
			sourceTree = "<group>";
		};
		030BB2BF1A95046E00F9EA0E /* Products */ = {
			isa = PBXGroup;
			children = (
				030BB2BE1A95046E00F9EA0E /* BullsEye.app */,
				030BB2D31A95046E00F9EA0E /* BullsEyeTests.xctest */,
			);
			name = Products;
			sourceTree = "<group>";
		};
		030BB2C01A95046E00F9EA0E /* BullsEye */ = {
			isa = PBXGroup;
			children = (
				030BB2C31A95046E00F9EA0E /* AppDelegate.swift */,
				030BB2C51A95046E00F9EA0E /* ViewController.swift */,
				030BB2C71A95046E00F9EA0E /* Main.storyboard */,
				030BB2E31A96ACA100F9EA0E /* AboutViewController.swift */,
				030BB2CA1A95046E00F9EA0E /* Images.xcassets */,
				030BB2CC1A95046E00F9EA0E /* LaunchScreen.xib */,
				030BB2C11A95046E00F9EA0E /* Supporting Files */,
			);
			path = BullsEye;
			sourceTree = "<group>";
		};
		030BB2C11A95046E00F9EA0E /* Supporting Files */ = {
			isa = PBXGroup;
			children = (
				030BB2C21A95046E00F9EA0E /* Info.plist */,
			);
			name = "Supporting Files";
			sourceTree = "<group>";
		};
		030BB2D61A95046E00F9EA0E /* BullsEyeTests */ = {
			isa = PBXGroup;
			children = (
				030BB2D91A95046E00F9EA0E /* BullsEyeTests.swift */,
				030BB2D71A95046E00F9EA0E /* Supporting Files */,
			);
			path = BullsEyeTests;
			sourceTree = "<group>";
		};
		030BB2D71A95046E00F9EA0E /* Supporting Files */ = {
			isa = PBXGroup;
			children = (
				030BB2D81A95046E00F9EA0E /* Info.plist */,
			);
			name = "Supporting Files";
			sourceTree = "<group>";
		};
/* End PBXGroup section */

/* Begin PBXNativeTarget section */
		030BB2BD1A95046E00F9EA0E /* BullsEye */ = {
			isa = PBXNativeTarget;
			buildConfigurationList = 030BB2DD1A95046E00F9EA0E /* Build configuration list for PBXNativeTarget "BullsEye" */;
			buildPhases = (
				030BB2BA1A95046E00F9EA0E /* Sources */,
				030BB2BB1A95046E00F9EA0E /* Frameworks */,
				030BB2BC1A95046E00F9EA0E /* Resources */,
			);
			buildRules = (
			);
			dependencies = (
			);
			name = BullsEye;
			productName = BullsEye;
			productReference = 030BB2BE1A95046E00F9EA0E /* BullsEye.app */;
			productType = "com.apple.product-type.application";
		};
		030BB2D21A95046E00F9EA0E /* BullsEyeTests */ = {
			isa = PBXNativeTarget;
			buildConfigurationList = 030BB2E01A95046E00F9EA0E /* Build configuration list for PBXNativeTarget "BullsEyeTests" */;
			buildPhases = (
				030BB2CF1A95046E00F9EA0E /* Sources */,
				030BB2D01A95046E00F9EA0E /* Frameworks */,
				030BB2D11A95046E00F9EA0E /* Resources */,
			);
			buildRules = (
			);
			dependencies = (
				030BB2D51A95046E00F9EA0E /* PBXTargetDependency */,
			);
			name = BullsEyeTests;
			productName = BullsEyeTests;
			productReference = 030BB2D31A95046E00F9EA0E /* BullsEyeTests.xctest */;
			productType = "com.apple.product-type.bundle.unit-test";
		};
/* End PBXNativeTarget section */

/* Begin PBXProject section */
		030BB2B61A95046E00F9EA0E /* Project object */ = {
			isa = PBXProject;
			attributes = {
				LastUpgradeCheck = 0610;
				ORGANIZATIONNAME = surekha;
				TargetAttributes = {
					030BB2BD1A95046E00F9EA0E = {
						CreatedOnToolsVersion = 6.1.1;
					};
					030BB2D21A95046E00F9EA0E = {
						CreatedOnToolsVersion = 6.1.1;
						TestTargetID = 030BB2BD1A95046E00F9EA0E;
					};
				};
			};
			buildConfigurationList = 030BB2B91A95046E00F9EA0E /* Build configuration list for PBXProject "BullsEye" */;
			compatibilityVersion = "Xcode 3.2";
			developmentRegion = English;
			hasScannedForEncodings = 0;
			knownRegions = (
				en,
				Base,
			);
			mainGroup = 030BB2B51A95046E00F9EA0E;
			productRefGroup = 030BB2BF1A95046E00F9EA0E /* Products */;
			projectDirPath = "";
			projectRoot = "";
			targets = (
				030BB2BD1A95046E00F9EA0E /* BullsEye */,
				030BB2D21A95046E00F9EA0E /* BullsEyeTests */,
			);
		};
/* End PBXProject section */

/* Begin PBXResourcesBuildPhase section */
		030BB2BC1A95046E00F9EA0E /* Resources */ = {
			isa = PBXResourcesBuildPhase;
			buildActionMask = 2147483647;
			files = (
				030BB2C91A95046E00F9EA0E /* Main.storyboard in Resources */,
				030BB2CE1A95046E00F9EA0E /* LaunchScreen.xib in Resources */,
				030BB2CB1A95046E00F9EA0E /* Images.xcassets in Resources */,
			);
			runOnlyForDeploymentPostprocessing = 0;
		};
		030BB2D11A95046E00F9EA0E /* Resources */ = {
			isa = PBXResourcesBuildPhase;
			buildActionMask = 2147483647;
			files = (
			);
			runOnlyForDeploymentPostprocessing = 0;
		};
/* End PBXResourcesBuildPhase section */

/* Begin PBXSourcesBuildPhase section */
		030BB2BA1A95046E00F9EA0E /* Sources */ = {
			isa = PBXSourcesBuildPhase;
			buildActionMask = 2147483647;
			files = (
				030BB2E41A96ACA100F9EA0E /* AboutViewController.swift in Sources */,
				030BB2C61A95046E00F9EA0E /* ViewController.swift in Sources */,
				030BB2C41A95046E00F9EA0E /* AppDelegate.swift in Sources */,
			);
			runOnlyForDeploymentPostprocessing = 0;
		};
		030BB2CF1A95046E00F9EA0E /* Sources */ = {
			isa = PBXSourcesBuildPhase;
			buildActionMask = 2147483647;
			files = (
				030BB2DA1A95046E00F9EA0E /* BullsEyeTests.swift in Sources */,
			);
			runOnlyForDeploymentPostprocessing = 0;
		};
/* End PBXSourcesBuildPhase section */

/* Begin PBXTargetDependency section */
		030BB2D51A95046E00F9EA0E /* PBXTargetDependency */ = {
			isa = PBXTargetDependency;
			target = 030BB2BD1A95046E00F9EA0E /* BullsEye */;
			targetProxy = 030BB2D41A95046E00F9EA0E /* PBXContainerItemProxy */;
		};
/* End PBXTargetDependency section */

/* Begin PBXVariantGroup section */
		030BB2C71A95046E00F9EA0E /* Main.storyboard */ = {
			isa = PBXVariantGroup;
			children = (
				030BB2C81A95046E00F9EA0E /* Base */,
			);
			name = Main.storyboard;
			sourceTree = "<group>";
		};
		030BB2CC1A95046E00F9EA0E /* LaunchScreen.xib */ = {
			isa = PBXVariantGroup;
			children = (
				030BB2CD1A95046E00F9EA0E /* Base */,
			);
			name = LaunchScreen.xib;
			sourceTree = "<group>";
		};
/* End PBXVariantGroup section */

/* Begin XCBuildConfiguration section */
		030BB2DB1A95046E00F9EA0E /* Debug */ = {
			isa = XCBuildConfiguration;
			buildSettings = {
				ALWAYS_SEARCH_USER_PATHS = NO;
				CLANG_CXX_LANGUAGE_STANDARD = "gnu++0x";
				CLANG_CXX_LIBRARY = "libc++";
				CLANG_ENABLE_MODULES = YES;
				CLANG_ENABLE_OBJC_ARC = YES;
				CLANG_WARN_BOOL_CONVERSION = YES;
				CLANG_WARN_CONSTANT_CONVERSION = YES;
				CLANG_WARN_DIRECT_OBJC_ISA_USAGE = YES_ERROR;
				CLANG_WARN_EMPTY_BODY = YES;
				CLANG_WARN_ENUM_CONVERSION = YES;
				CLANG_WARN_INT_CONVERSION = YES;
				CLANG_WARN_OBJC_ROOT_CLASS = YES_ERROR;
				CLANG_WARN_UNREACHABLE_CODE = YES;
				CLANG_WARN__DUPLICATE_METHOD_MATCH = YES;
				"CODE_SIGN_IDENTITY[sdk=iphoneos*]" = "iPhone Developer";
				COPY_PHASE_STRIP = NO;
				ENABLE_STRICT_OBJC_MSGSEND = YES;
				GCC_C_LANGUAGE_STANDARD = gnu99;
				GCC_DYNAMIC_NO_PIC = NO;
				GCC_OPTIMIZATION_LEVEL = 0;
				GCC_PREPROCESSOR_DEFINITIONS = (
					"DEBUG=1",
					"$(inherited)",
				);
				GCC_SYMBOLS_PRIVATE_EXTERN = NO;
				GCC_WARN_64_TO_32_BIT_CONVERSION = YES;
				GCC_WARN_ABOUT_RETURN_TYPE = YES_ERROR;
				GCC_WARN_UNDECLARED_SELECTOR = YES;
				GCC_WARN_UNINITIALIZED_AUTOS = YES_AGGRESSIVE;
				GCC_WARN_UNUSED_FUNCTION = YES;
				GCC_WARN_UNUSED_VARIABLE = YES;
				IPHONEOS_DEPLOYMENT_TARGET = 8.1;
				MTL_ENABLE_DEBUG_INFO = YES;
				ONLY_ACTIVE_ARCH = YES;
				SDKROOT = iphoneos;
				SWIFT_OPTIMIZATION_LEVEL = "-Onone";
			};
			name = Debug;
		};
		030BB2DC1A95046E00F9EA0E /* Release */ = {
			isa = XCBuildConfiguration;
			buildSettings = {
				ALWAYS_SEARCH_USER_PATHS = NO;
				CLANG_CXX_LANGUAGE_STANDARD = "gnu++0x";
				CLANG_CXX_LIBRARY = "libc++";
				CLANG_ENABLE_MODULES = YES;
				CLANG_ENABLE_OBJC_ARC = YES;
				CLANG_WARN_BOOL_CONVERSION = YES;
				CLANG_WARN_CONSTANT_CONVERSION = YES;
				CLANG_WARN_DIRECT_OBJC_ISA_USAGE = YES_ERROR;
				CLANG_WARN_EMPTY_BODY = YES;
				CLANG_WARN_ENUM_CONVERSION = YES;
				CLANG_WARN_INT_CONVERSION = YES;
				CLANG_WARN_OBJC_ROOT_CLASS = YES_ERROR;
				CLANG_WARN_UNREACHABLE_CODE = YES;
				CLANG_WARN__DUPLICATE_METHOD_MATCH = YES;
				"CODE_SIGN_IDENTITY[sdk=iphoneos*]" = "iPhone Developer";
				COPY_PHASE_STRIP = YES;
				ENABLE_NS_ASSERTIONS = NO;
				ENABLE_STRICT_OBJC_MSGSEND = YES;
				GCC_C_LANGUAGE_STANDARD = gnu99;
				GCC_WARN_64_TO_32_BIT_CONVERSION = YES;
				GCC_WARN_ABOUT_RETURN_TYPE = YES_ERROR;
				GCC_WARN_UNDECLARED_SELECTOR = YES;
				GCC_WARN_UNINITIALIZED_AUTOS = YES_AGGRESSIVE;
				GCC_WARN_UNUSED_FUNCTION = YES;
				GCC_WARN_UNUSED_VARIABLE = YES;
				IPHONEOS_DEPLOYMENT_TARGET = 8.1;
				MTL_ENABLE_DEBUG_INFO = NO;
				SDKROOT = iphoneos;
				VALIDATE_PRODUCT = YES;
			};
			name = Release;
		};
		030BB2DE1A95046E00F9EA0E /* Debug */ = {
			isa = XCBuildConfiguration;
			buildSettings = {
				ASSETCATALOG_COMPILER_APPICON_NAME = AppIcon;
				INFOPLIST_FILE = BullsEye/Info.plist;
				LD_RUNPATH_SEARCH_PATHS = "$(inherited) @executable_path/Frameworks";
				PRODUCT_NAME = "$(TARGET_NAME)";
			};
			name = Debug;
		};
		030BB2DF1A95046E00F9EA0E /* Release */ = {
			isa = XCBuildConfiguration;
			buildSettings = {
				ASSETCATALOG_COMPILER_APPICON_NAME = AppIcon;
				INFOPLIST_FILE = BullsEye/Info.plist;
				LD_RUNPATH_SEARCH_PATHS = "$(inherited) @executable_path/Frameworks";
				PRODUCT_NAME = "$(TARGET_NAME)";
			};
			name = Release;
		};
		030BB2E11A95046E00F9EA0E /* Debug */ = {
			isa = XCBuildConfiguration;
			buildSettings = {
				BUNDLE_LOADER = "$(TEST_HOST)";
				FRAMEWORK_SEARCH_PATHS = (
					"$(SDKROOT)/Developer/Library/Frameworks",
					"$(inherited)",
				);
				GCC_PREPROCESSOR_DEFINITIONS = (
					"DEBUG=1",
					"$(inherited)",
				);
				INFOPLIST_FILE = BullsEyeTests/Info.plist;
				LD_RUNPATH_SEARCH_PATHS = "$(inherited) @executable_path/Frameworks @loader_path/Frameworks";
				PRODUCT_NAME = "$(TARGET_NAME)";
				TEST_HOST = "$(BUILT_PRODUCTS_DIR)/BullsEye.app/BullsEye";
			};
			name = Debug;
		};
		030BB2E21A95046E00F9EA0E /* Release */ = {
			isa = XCBuildConfiguration;
			buildSettings = {
				BUNDLE_LOADER = "$(TEST_HOST)";
				FRAMEWORK_SEARCH_PATHS = (
					"$(SDKROOT)/Developer/Library/Frameworks",
					"$(inherited)",
				);
				INFOPLIST_FILE = BullsEyeTests/Info.plist;
				LD_RUNPATH_SEARCH_PATHS = "$(inherited) @executable_path/Frameworks @loader_path/Frameworks";
				PRODUCT_NAME = "$(TARGET_NAME)";
				TEST_HOST = "$(BUILT_PRODUCTS_DIR)/BullsEye.app/BullsEye";
			};
			name = Release;
		};
/* End XCBuildConfiguration section */

/* Begin XCConfigurationList section */
		030BB2B91A95046E00F9EA0E /* Build configuration list for PBXProject "BullsEye" */ = {
			isa = XCConfigurationList;
			buildConfigurations = (
				030BB2DB1A95046E00F9EA0E /* Debug */,
				030BB2DC1A95046E00F9EA0E /* Release */,
			);
			defaultConfigurationIsVisible = 0;
			defaultConfigurationName = Release;
		};
		030BB2DD1A95046E00F9EA0E /* Build configuration list for PBXNativeTarget "BullsEye" */ = {
			isa = XCConfigurationList;
			buildConfigurations = (
				030BB2DE1A95046E00F9EA0E /* Debug */,
				030BB2DF1A95046E00F9EA0E /* Release */,
			);
			defaultConfigurationIsVisible = 0;
			defaultConfigurationName = Release;
		};
		030BB2E01A95046E00F9EA0E /* Build configuration list for PBXNativeTarget "BullsEyeTests" */ = {
			isa = XCConfigurationList;
			buildConfigurations = (
				030BB2E11A95046E00F9EA0E /* Debug */,
				030BB2E21A95046E00F9EA0E /* Release */,
			);
			defaultConfigurationIsVisible = 0;
			defaultConfigurationName = Release;
		};
/* End XCConfigurationList section */
	};
	rootObject = 030BB2B61A95046E00F9EA0E /* Project object */;
}
